
Microsoft Visual Studio Solution File, Format Version 12.00
# Visual Studio Version 17
VisualStudioVersion = 17.9.34728.123
MinimumVisualStudioVersion = 10.0.40219.1
Project("{9A19103F-16F7-4668-BE54-9A1E7A4F7556}") = "Labs", "Lab_1\Labs.csproj", "{5B2D0F6D-BBA5-40B6-A31D-FEABFDB651B6}"
EndProject
Global
	GlobalSection(SolutionConfigurationPlatforms) = preSolution
		Debug|Any CPU = Debug|Any CPU
		Release|Any CPU = Release|Any CPU
	EndGlobalSection
	GlobalSection(ProjectConfigurationPlatforms) = postSolution
		{5B2D0F6D-BBA5-40B6-A31D-FEABFDB651B6}.Debug|Any CPU.ActiveCfg = Debug|Any CPU
		{5B2D0F6D-BBA5-40B6-A31D-FEABFDB651B6}.Debug|Any CPU.Build.0 = Debug|Any CPU
		{5B2D0F6D-BBA5-40B6-A31D-FEABFDB651B6}.Release|Any CPU.ActiveCfg = Release|Any CPU
		{5B2D0F6D-BBA5-40B6-A31D-FEABFDB651B6}.Release|Any CPU.Build.0 = Release|Any CPU
	EndGlobalSection
	GlobalSection(SolutionProperties) = preSolution
		HideSolutionNode = FALSE
	EndGlobalSection
	GlobalSection(ExtensibilityGlobals) = postSolution
		SolutionGuid = {00FB2C9F-216A-4354-A0D5-54F534138C1D}
	EndGlobalSection
EndGlobal
